
Microsoft Visual Studio Solution File, Format Version 12.00
# Visual Studio Version 17
VisualStudioVersion = 17.10.35013.160
MinimumVisualStudioVersion = 10.0.40219.1
Project("{FAE04EC0-301F-11D3-BF4B-00C04F79EFBC}") = "Platform", "Platform\Platform.csproj", "{F8E649A2-E271-4B98-BE40-35943E922DE0}"
EndProject
Global
	GlobalSection(SolutionConfigurationPlatforms) = preSolution
		Debug|Any CPU = Debug|Any CPU
		Release|Any CPU = Release|Any CPU
	EndGlobalSection
	GlobalSection(ProjectConfigurationPlatforms) = postSolution
		{F8E649A2-E271-4B98-BE40-35943E922DE0}.Debug|Any CPU.ActiveCfg = Debug|Any CPU
		{F8E649A2-E271-4B98-BE40-35943E922DE0}.Debug|Any CPU.Build.0 = Debug|Any CPU
		{F8E649A2-E271-4B98-BE40-35943E922DE0}.Release|Any CPU.ActiveCfg = Release|Any CPU
		{F8E649A2-E271-4B98-BE40-35943E922DE0}.Release|Any CPU.Build.0 = Release|Any CPU
	EndGlobalSection
	GlobalSection(SolutionProperties) = preSolution
		HideSolutionNode = FALSE
	EndGlobalSection
	GlobalSection(ExtensibilityGlobals) = postSolution
		SolutionGuid = {8825369F-9B51-455E-A7B7-01CE26D77D96}
	EndGlobalSection
EndGlobal
